// !$*UTF8*$!
{
	archiveVersion = 1;
	classes = {
	};
	objectVersion = 77;
	objects = {

/* Begin PBXContainerItemProxy section */
		BDEA11842D0262300016B0F7 /* PBXContainerItemProxy */ = {
			isa = PBXContainerItemProxy;
			containerPortal = BDEA116A2D02622F0016B0F7 /* Project object */;
			proxyType = 1;
			remoteGlobalIDString = BDEA11712D02622F0016B0F7;
			remoteInfo = "Medical Standard Operating Procedures";
		};
		BDEA118E2D0262300016B0F7 /* PBXContainerItemProxy */ = {
			isa = PBXContainerItemProxy;
			containerPortal = BDEA116A2D02622F0016B0F7 /* Project object */;
			proxyType = 1;
			remoteGlobalIDString = BDEA11712D02622F0016B0F7;
			remoteInfo = "Medical Standard Operating Procedures";
		};
/* End PBXContainerItemProxy section */

/* Begin PBXFileReference section */
		BDEA11722D02622F0016B0F7 /* Medical Standard Operating Procedures.app */ = {isa = PBXFileReference; explicitFileType = wrapper.application; includeInIndex = 0; path = "Medical Standard Operating Procedures.app"; sourceTree = BUILT_PRODUCTS_DIR; };
		BDEA11832D0262300016B0F7 /* Medical Standard Operating ProceduresTests.xctest */ = {isa = PBXFileReference; explicitFileType = wrapper.cfbundle; includeInIndex = 0; path = "Medical Standard Operating ProceduresTests.xctest"; sourceTree = BUILT_PRODUCTS_DIR; };
		BDEA118D2D0262300016B0F7 /* Medical Standard Operating ProceduresUITests.xctest */ = {isa = PBXFileReference; explicitFileType = wrapper.cfbundle; includeInIndex = 0; path = "Medical Standard Operating ProceduresUITests.xctest"; sourceTree = BUILT_PRODUCTS_DIR; };
/* End PBXFileReference section */

/* Begin PBXFileSystemSynchronizedRootGroup section */
		BDEA11742D02622F0016B0F7 /* Medical Standard Operating Procedures */ = {
			isa = PBXFileSystemSynchronizedRootGroup;
			path = "Medical Standard Operating Procedures";
			sourceTree = "<group>";
		};
		BDEA11862D0262300016B0F7 /* Medical Standard Operating ProceduresTests */ = {
			isa = PBXFileSystemSynchronizedRootGroup;
			path = "Medical Standard Operating ProceduresTests";
			sourceTree = "<group>";
		};
		BDEA11902D0262300016B0F7 /* Medical Standard Operating ProceduresUITests */ = {
			isa = PBXFileSystemSynchronizedRootGroup;
			path = "Medical Standard Operating ProceduresUITests";
			sourceTree = "<group>";
		};
/* End PBXFileSystemSynchronizedRootGroup section */

/* Begin PBXFrameworksBuildPhase section */
		BDEA116F2D02622F0016B0F7 /* Frameworks */ = {
			isa = PBXFrameworksBuildPhase;
			buildActionMask = 2147483647;
			files = (
			);
			runOnlyForDeploymentPostprocessing = 0;
		};
		BDEA11802D0262300016B0F7 /* Frameworks */ = {
			isa = PBXFrameworksBuildPhase;
			buildActionMask = 2147483647;
			files = (
			);
			runOnlyForDeploymentPostprocessing = 0;
		};
		BDEA118A2D0262300016B0F7 /* Frameworks */ = {
			isa = PBXFrameworksBuildPhase;
			buildActionMask = 2147483647;
			files = (
			);
			runOnlyForDeploymentPostprocessing = 0;
		};
/* End PBXFrameworksBuildPhase section */

/* Begin PBXGroup section */
		BDEA11692D02622F0016B0F7 = {
			isa = PBXGroup;
			children = (
				BDEA11742D02622F0016B0F7 /* Medical Standard Operating Procedures */,
				BDEA11862D0262300016B0F7 /* Medical Standard Operating ProceduresTests */,
				BDEA11902D0262300016B0F7 /* Medical Standard Operating ProceduresUITests */,
				BDEA11732D02622F0016B0F7 /* Products */,
			);
			sourceTree = "<group>";
		};
		BDEA11732D02622F0016B0F7 /* Products */ = {
			isa = PBXGroup;
			children = (
				BDEA11722D02622F0016B0F7 /* Medical Standard Operating Procedures.app */,
				BDEA11832D0262300016B0F7 /* Medical Standard Operating ProceduresTests.xctest */,
				BDEA118D2D0262300016B0F7 /* Medical Standard Operating ProceduresUITests.xctest */,
			);
			name = Products;
			sourceTree = "<group>";
		};
/* End PBXGroup section */

/* Begin PBXNativeTarget section */
		BDEA11712D02622F0016B0F7 /* Medical Standard Operating Procedures */ = {
			isa = PBXNativeTarget;
			buildConfigurationList = BDEA11972D0262300016B0F7 /* Build configuration list for PBXNativeTarget "Medical Standard Operating Procedures" */;
			buildPhases = (
				BDEA116E2D02622F0016B0F7 /* Sources */,
				BDEA116F2D02622F0016B0F7 /* Frameworks */,
				BDEA11702D02622F0016B0F7 /* Resources */,
			);
			buildRules = (
			);
			dependencies = (
			);
			fileSystemSynchronizedGroups = (
				BDEA11742D02622F0016B0F7 /* Medical Standard Operating Procedures */,
			);
			name = "Medical Standard Operating Procedures";
			packageProductDependencies = (
			);
			productName = "Medical Standard Operating Procedures";
			productReference = BDEA11722D02622F0016B0F7 /* Medical Standard Operating Procedures.app */;
			productType = "com.apple.product-type.application";
		};
		BDEA11822D0262300016B0F7 /* Medical Standard Operating ProceduresTests */ = {
			isa = PBXNativeTarget;
			buildConfigurationList = BDEA119A2D0262300016B0F7 /* Build configuration list for PBXNativeTarget "Medical Standard Operating ProceduresTests" */;
			buildPhases = (
				BDEA117F2D0262300016B0F7 /* Sources */,
				BDEA11802D0262300016B0F7 /* Frameworks */,
				BDEA11812D0262300016B0F7 /* Resources */,
			);
			buildRules = (
			);
			dependencies = (
				BDEA11852D0262300016B0F7 /* PBXTargetDependency */,
			);
			fileSystemSynchronizedGroups = (
				BDEA11862D0262300016B0F7 /* Medical Standard Operating ProceduresTests */,
			);
			name = "Medical Standard Operating ProceduresTests";
			packageProductDependencies = (
			);
			productName = "Medical Standard Operating ProceduresTests";
			productReference = BDEA11832D0262300016B0F7 /* Medical Standard Operating ProceduresTests.xctest */;
			productType = "com.apple.product-type.bundle.unit-test";
		};
		BDEA118C2D0262300016B0F7 /* Medical Standard Operating ProceduresUITests */ = {
			isa = PBXNativeTarget;
			buildConfigurationList = BDEA119D2D0262300016B0F7 /* Build configuration list for PBXNativeTarget "Medical Standard Operating ProceduresUITests" */;
			buildPhases = (
				BDEA11892D0262300016B0F7 /* Sources */,
				BDEA118A2D0262300016B0F7 /* Frameworks */,
				BDEA118B2D0262300016B0F7 /* Resources */,
			);
			buildRules = (
			);
			dependencies = (
				BDEA118F2D0262300016B0F7 /* PBXTargetDependency */,
			);
			fileSystemSynchronizedGroups = (
				BDEA11902D0262300016B0F7 /* Medical Standard Operating ProceduresUITests */,
			);
			name = "Medical Standard Operating ProceduresUITests";
			packageProductDependencies = (
			);
			productName = "Medical Standard Operating ProceduresUITests";
			productReference = BDEA118D2D0262300016B0F7 /* Medical Standard Operating ProceduresUITests.xctest */;
			productType = "com.apple.product-type.bundle.ui-testing";
		};
/* End PBXNativeTarget section */

/* Begin PBXProject section */
		BDEA116A2D02622F0016B0F7 /* Project object */ = {
			isa = PBXProject;
			attributes = {
				BuildIndependentTargetsInParallel = 1;
				LastSwiftUpdateCheck = 1610;
				LastUpgradeCheck = 1610;
				TargetAttributes = {
					BDEA11712D02622F0016B0F7 = {
						CreatedOnToolsVersion = 16.1;
					};
					BDEA11822D0262300016B0F7 = {
						CreatedOnToolsVersion = 16.1;
						TestTargetID = BDEA11712D02622F0016B0F7;
					};
					BDEA118C2D0262300016B0F7 = {
						CreatedOnToolsVersion = 16.1;
						TestTargetID = BDEA11712D02622F0016B0F7;
					};
				};
			};
			buildConfigurationList = BDEA116D2D02622F0016B0F7 /* Build configuration list for PBXProject "Medical Standard Operating Procedures" */;
			developmentRegion = en;
			hasScannedForEncodings = 0;
			knownRegions = (
				en,
				Base,
			);
			mainGroup = BDEA11692D02622F0016B0F7;
			minimizedProjectReferenceProxies = 1;
			preferredProjectObjectVersion = 77;
			productRefGroup = BDEA11732D02622F0016B0F7 /* Products */;
			projectDirPath = "";
			projectRoot = "";
			targets = (
				BDEA11712D02622F0016B0F7 /* Medical Standard Operating Procedures */,
				BDEA11822D0262300016B0F7 /* Medical Standard Operating ProceduresTests */,
				BDEA118C2D0262300016B0F7 /* Medical Standard Operating ProceduresUITests */,
			);
		};
/* End PBXProject section */

/* Begin PBXResourcesBuildPhase section */
		BDEA11702D02622F0016B0F7 /* Resources */ = {
			isa = PBXResourcesBuildPhase;
			buildActionMask = 2147483647;
			files = (
			);
			runOnlyForDeploymentPostprocessing = 0;
		};
		BDEA11812D0262300016B0F7 /* Resources */ = {
			isa = PBXResourcesBuildPhase;
			buildActionMask = 2147483647;
			files = (
			);
			runOnlyForDeploymentPostprocessing = 0;
		};
		BDEA118B2D0262300016B0F7 /* Resources */ = {
			isa = PBXResourcesBuildPhase;
			buildActionMask = 2147483647;
			files = (
			);
			runOnlyForDeploymentPostprocessing = 0;
		};
/* End PBXResourcesBuildPhase section */

/* Begin PBXSourcesBuildPhase section */
		BDEA116E2D02622F0016B0F7 /* Sources */ = {
			isa = PBXSourcesBuildPhase;
			buildActionMask = 2147483647;
			files = (
			);
			runOnlyForDeploymentPostprocessing = 0;
		};
		BDEA117F2D0262300016B0F7 /* Sources */ = {
			isa = PBXSourcesBuildPhase;
			buildActionMask = 2147483647;
			files = (
			);
			runOnlyForDeploymentPostprocessing = 0;
		};
		BDEA11892D0262300016B0F7 /* Sources */ = {
			isa = PBXSourcesBuildPhase;
			buildActionMask = 2147483647;
			files = (
			);
			runOnlyForDeploymentPostprocessing = 0;
		};
/* End PBXSourcesBuildPhase section */

/* Begin PBXTargetDependency section */
		BDEA11852D0262300016B0F7 /* PBXTargetDependency */ = {
			isa = PBXTargetDependency;
			target = BDEA11712D02622F0016B0F7 /* Medical Standard Operating Procedures */;
			targetProxy = BDEA11842D0262300016B0F7 /* PBXContainerItemProxy */;
		};
		BDEA118F2D0262300016B0F7 /* PBXTargetDependency */ = {
			isa = PBXTargetDependency;
			target = BDEA11712D02622F0016B0F7 /* Medical Standard Operating Procedures */;
			targetProxy = BDEA118E2D0262300016B0F7 /* PBXContainerItemProxy */;
		};
/* End PBXTargetDependency section */

/* Begin XCBuildConfiguration section */
		BDEA11952D0262300016B0F7 /* Debug */ = {
			isa = XCBuildConfiguration;
			buildSettings = {
				ALWAYS_SEARCH_USER_PATHS = NO;
				ASSETCATALOG_COMPILER_GENERATE_SWIFT_ASSET_SYMBOL_EXTENSIONS = YES;
				CLANG_ANALYZER_NONNULL = YES;
				CLANG_ANALYZER_NUMBER_OBJECT_CONVERSION = YES_AGGRESSIVE;
				CLANG_CXX_LANGUAGE_STANDARD = "gnu++20";
				CLANG_ENABLE_MODULES = YES;
				CLANG_ENABLE_OBJC_ARC = YES;
				CLANG_ENABLE_OBJC_WEAK = YES;
				CLANG_WARN_BLOCK_CAPTURE_AUTORELEASING = YES;
				CLANG_WARN_BOOL_CONVERSION = YES;
				CLANG_WARN_COMMA = YES;
				CLANG_WARN_CONSTANT_CONVERSION = YES;
				CLANG_WARN_DEPRECATED_OBJC_IMPLEMENTATIONS = YES;
				CLANG_WARN_DIRECT_OBJC_ISA_USAGE = YES_ERROR;
				CLANG_WARN_DOCUMENTATION_COMMENTS = YES;
				CLANG_WARN_EMPTY_BODY = YES;
				CLANG_WARN_ENUM_CONVERSION = YES;
				CLANG_WARN_INFINITE_RECURSION = YES;
				CLANG_WARN_INT_CONVERSION = YES;
				CLANG_WARN_NON_LITERAL_NULL_CONVERSION = YES;
				CLANG_WARN_OBJC_IMPLICIT_RETAIN_SELF = YES;
				CLANG_WARN_OBJC_LITERAL_CONVERSION = YES;
				CLANG_WARN_OBJC_ROOT_CLASS = YES_ERROR;
				CLANG_WARN_QUOTED_INCLUDE_IN_FRAMEWORK_HEADER = YES;
				CLANG_WARN_RANGE_LOOP_ANALYSIS = YES;
				CLANG_WARN_STRICT_PROTOTYPES = YES;
				CLANG_WARN_SUSPICIOUS_MOVE = YES;
				CLANG_WARN_UNGUARDED_AVAILABILITY = YES_AGGRESSIVE;
				CLANG_WARN_UNREACHABLE_CODE = YES;
				CLANG_WARN__DUPLICATE_METHOD_MATCH = YES;
				COPY_PHASE_STRIP = NO;
				DEBUG_INFORMATION_FORMAT = dwarf;
				ENABLE_STRICT_OBJC_MSGSEND = YES;
				ENABLE_TESTABILITY = YES;
				ENABLE_USER_SCRIPT_SANDBOXING = YES;
				GCC_C_LANGUAGE_STANDARD = gnu17;
				GCC_DYNAMIC_NO_PIC = NO;
				GCC_NO_COMMON_BLOCKS = YES;
				GCC_OPTIMIZATION_LEVEL = 0;
				GCC_PREPROCESSOR_DEFINITIONS = (
					"DEBUG=1",
					"$(inherited)",
				);
				GCC_WARN_64_TO_32_BIT_CONVERSION = YES;
				GCC_WARN_ABOUT_RETURN_TYPE = YES_ERROR;
				GCC_WARN_UNDECLARED_SELECTOR = YES;
				GCC_WARN_UNINITIALIZED_AUTOS = YES_AGGRESSIVE;
				GCC_WARN_UNUSED_FUNCTION = YES;
				GCC_WARN_UNUSED_VARIABLE = YES;
				LOCALIZATION_PREFERS_STRING_CATALOGS = YES;
				MTL_ENABLE_DEBUG_INFO = INCLUDE_SOURCE;
				MTL_FAST_MATH = YES;
				ONLY_ACTIVE_ARCH = YES;
				SWIFT_ACTIVE_COMPILATION_CONDITIONS = "DEBUG $(inherited)";
				SWIFT_OPTIMIZATION_LEVEL = "-Onone";
			};
			name = Debug;
		};
		BDEA11962D0262300016B0F7 /* Release */ = {
			isa = XCBuildConfiguration;
			buildSettings = {
				ALWAYS_SEARCH_USER_PATHS = NO;
				ASSETCATALOG_COMPILER_GENERATE_SWIFT_ASSET_SYMBOL_EXTENSIONS = YES;
				CLANG_ANALYZER_NONNULL = YES;
				CLANG_ANALYZER_NUMBER_OBJECT_CONVERSION = YES_AGGRESSIVE;
				CLANG_CXX_LANGUAGE_STANDARD = "gnu++20";
				CLANG_ENABLE_MODULES = YES;
				CLANG_ENABLE_OBJC_ARC = YES;
				CLANG_ENABLE_OBJC_WEAK = YES;
				CLANG_WARN_BLOCK_CAPTURE_AUTORELEASING = YES;
				CLANG_WARN_BOOL_CONVERSION = YES;
				CLANG_WARN_COMMA = YES;
				CLANG_WARN_CONSTANT_CONVERSION = YES;
				CLANG_WARN_DEPRECATED_OBJC_IMPLEMENTATIONS = YES;
				CLANG_WARN_DIRECT_OBJC_ISA_USAGE = YES_ERROR;
				CLANG_WARN_DOCUMENTATION_COMMENTS = YES;
				CLANG_WARN_EMPTY_BODY = YES;
				CLANG_WARN_ENUM_CONVERSION = YES;
				CLANG_WARN_INFINITE_RECURSION = YES;
				CLANG_WARN_INT_CONVERSION = YES;
				CLANG_WARN_NON_LITERAL_NULL_CONVERSION = YES;
				CLANG_WARN_OBJC_IMPLICIT_RETAIN_SELF = YES;
				CLANG_WARN_OBJC_LITERAL_CONVERSION = YES;
				CLANG_WARN_OBJC_ROOT_CLASS = YES_ERROR;
				CLANG_WARN_QUOTED_INCLUDE_IN_FRAMEWORK_HEADER = YES;
				CLANG_WARN_RANGE_LOOP_ANALYSIS = YES;
				CLANG_WARN_STRICT_PROTOTYPES = YES;
				CLANG_WARN_SUSPICIOUS_MOVE = YES;
				CLANG_WARN_UNGUARDED_AVAILABILITY = YES_AGGRESSIVE;
				CLANG_WARN_UNREACHABLE_CODE = YES;
				CLANG_WARN__DUPLICATE_METHOD_MATCH = YES;
				COPY_PHASE_STRIP = NO;
				DEBUG_INFORMATION_FORMAT = "dwarf-with-dsym";
				ENABLE_NS_ASSERTIONS = NO;
				ENABLE_STRICT_OBJC_MSGSEND = YES;
				ENABLE_USER_SCRIPT_SANDBOXING = YES;
				GCC_C_LANGUAGE_STANDARD = gnu17;
				GCC_NO_COMMON_BLOCKS = YES;
				GCC_WARN_64_TO_32_BIT_CONVERSION = YES;
				GCC_WARN_ABOUT_RETURN_TYPE = YES_ERROR;
				GCC_WARN_UNDECLARED_SELECTOR = YES;
				GCC_WARN_UNINITIALIZED_AUTOS = YES_AGGRESSIVE;
				GCC_WARN_UNUSED_FUNCTION = YES;
				GCC_WARN_UNUSED_VARIABLE = YES;
				LOCALIZATION_PREFERS_STRING_CATALOGS = YES;
				MTL_ENABLE_DEBUG_INFO = NO;
				MTL_FAST_MATH = YES;
				SWIFT_COMPILATION_MODE = wholemodule;
			};
			name = Release;
		};
		BDEA11982D0262300016B0F7 /* Debug */ = {
			isa = XCBuildConfiguration;
			buildSettings = {
				ASSETCATALOG_COMPILER_APPICON_NAME = AppIcon;
				ASSETCATALOG_COMPILER_GLOBAL_ACCENT_COLOR_NAME = AccentColor;
				CODE_SIGN_ENTITLEMENTS = "Medical Standard Operating Procedures/Medical_Standard_Operating_Procedures.entitlements";
				CODE_SIGN_STYLE = Automatic;
				CURRENT_PROJECT_VERSION = 1;
				DEVELOPMENT_ASSET_PATHS = "\"Medical Standard Operating Procedures/Preview Content\"";
				DEVELOPMENT_TEAM = 9X82U8BHFK;
				ENABLE_HARDENED_RUNTIME = YES;
				ENABLE_PREVIEWS = YES;
				GENERATE_INFOPLIST_FILE = YES;
				"INFOPLIST_KEY_UIApplicationSceneManifest_Generation[sdk=iphoneos*]" = YES;
				"INFOPLIST_KEY_UIApplicationSceneManifest_Generation[sdk=iphonesimulator*]" = YES;
				"INFOPLIST_KEY_UIApplicationSupportsIndirectInputEvents[sdk=iphoneos*]" = YES;
				"INFOPLIST_KEY_UIApplicationSupportsIndirectInputEvents[sdk=iphonesimulator*]" = YES;
				"INFOPLIST_KEY_UILaunchScreen_Generation[sdk=iphoneos*]" = YES;
				"INFOPLIST_KEY_UILaunchScreen_Generation[sdk=iphonesimulator*]" = YES;
				"INFOPLIST_KEY_UIStatusBarStyle[sdk=iphoneos*]" = UIStatusBarStyleDefault;
				"INFOPLIST_KEY_UIStatusBarStyle[sdk=iphonesimulator*]" = UIStatusBarStyleDefault;
				INFOPLIST_KEY_UISupportedInterfaceOrientations_iPad = "UIInterfaceOrientationPortrait UIInterfaceOrientationPortraitUpsideDown UIInterfaceOrientationLandscapeLeft UIInterfaceOrientationLandscapeRight";
				INFOPLIST_KEY_UISupportedInterfaceOrientations_iPhone = "UIInterfaceOrientationPortrait UIInterfaceOrientationLandscapeLeft UIInterfaceOrientationLandscapeRight";
				IPHONEOS_DEPLOYMENT_TARGET = 18.1;
				LD_RUNPATH_SEARCH_PATHS = "@executable_path/Frameworks";
				"LD_RUNPATH_SEARCH_PATHS[sdk=macosx*]" = "@executable_path/../Frameworks";
				MACOSX_DEPLOYMENT_TARGET = 15.1;
				MARKETING_VERSION = 1.0;
				PRODUCT_BUNDLE_IDENTIFIER = "medicalSOPs.com.Medical-Standard-Operating-Procedures";
				PRODUCT_NAME = "$(TARGET_NAME)";
				SDKROOT = auto;
				SUPPORTED_PLATFORMS = "iphoneos iphonesimulator macosx xros xrsimulator";
				SWIFT_EMIT_LOC_STRINGS = YES;
				SWIFT_VERSION = 5.0;
				TARGETED_DEVICE_FAMILY = "1,2,7";
				XROS_DEPLOYMENT_TARGET = 2.1;
			};
			name = Debug;
		};
		BDEA11992D0262300016B0F7 /* Release */ = {
			isa = XCBuildConfiguration;
			buildSettings = {
				ASSETCATALOG_COMPILER_APPICON_NAME = AppIcon;
				ASSETCATALOG_COMPILER_GLOBAL_ACCENT_COLOR_NAME = AccentColor;
				CODE_SIGN_ENTITLEMENTS = "Medical Standard Operating Procedures/Medical_Standard_Operating_Procedures.entitlements";
				CODE_SIGN_STYLE = Automatic;
				CURRENT_PROJECT_VERSION = 1;
				DEVELOPMENT_ASSET_PATHS = "\"Medical Standard Operating Procedures/Preview Content\"";
				DEVELOPMENT_TEAM = 9X82U8BHFK;
				ENABLE_HARDENED_RUNTIME = YES;
				ENABLE_PREVIEWS = YES;
				GENERATE_INFOPLIST_FILE = YES;
				"INFOPLIST_KEY_UIApplicationSceneManifest_Generation[sdk=iphoneos*]" = YES;
				"INFOPLIST_KEY_UIApplicationSceneManifest_Generation[sdk=iphonesimulator*]" = YES;
				"INFOPLIST_KEY_UIApplicationSupportsIndirectInputEvents[sdk=iphoneos*]" = YES;
				"INFOPLIST_KEY_UIApplicationSupportsIndirectInputEvents[sdk=iphonesimulator*]" = YES;
				"INFOPLIST_KEY_UILaunchScreen_Generation[sdk=iphoneos*]" = YES;
				"INFOPLIST_KEY_UILaunchScreen_Generation[sdk=iphonesimulator*]" = YES;
				"INFOPLIST_KEY_UIStatusBarStyle[sdk=iphoneos*]" = UIStatusBarStyleDefault;
				"INFOPLIST_KEY_UIStatusBarStyle[sdk=iphonesimulator*]" = UIStatusBarStyleDefault;
				INFOPLIST_KEY_UISupportedInterfaceOrientations_iPad = "UIInterfaceOrientationPortrait UIInterfaceOrientationPortraitUpsideDown UIInterfaceOrientationLandscapeLeft UIInterfaceOrientationLandscapeRight";
				INFOPLIST_KEY_UISupportedInterfaceOrientations_iPhone = "UIInterfaceOrientationPortrait UIInterfaceOrientationLandscapeLeft UIInterfaceOrientationLandscapeRight";
				IPHONEOS_DEPLOYMENT_TARGET = 18.1;
				LD_RUNPATH_SEARCH_PATHS = "@executable_path/Frameworks";
				"LD_RUNPATH_SEARCH_PATHS[sdk=macosx*]" = "@executable_path/../Frameworks";
				MACOSX_DEPLOYMENT_TARGET = 15.1;
				MARKETING_VERSION = 1.0;
				PRODUCT_BUNDLE_IDENTIFIER = "medicalSOPs.com.Medical-Standard-Operating-Procedures";
				PRODUCT_NAME = "$(TARGET_NAME)";
				SDKROOT = auto;
				SUPPORTED_PLATFORMS = "iphoneos iphonesimulator macosx xros xrsimulator";
				SWIFT_EMIT_LOC_STRINGS = YES;
				SWIFT_VERSION = 5.0;
				TARGETED_DEVICE_FAMILY = "1,2,7";
				XROS_DEPLOYMENT_TARGET = 2.1;
			};
			name = Release;
		};
		BDEA119B2D0262300016B0F7 /* Debug */ = {
			isa = XCBuildConfiguration;
			buildSettings = {
				BUNDLE_LOADER = "$(TEST_HOST)";
				CODE_SIGN_STYLE = Automatic;
				CURRENT_PROJECT_VERSION = 1;
				DEVELOPMENT_TEAM = 9X82U8BHFK;
				GENERATE_INFOPLIST_FILE = YES;
				IPHONEOS_DEPLOYMENT_TARGET = 18.1;
				MACOSX_DEPLOYMENT_TARGET = 15.1;
				MARKETING_VERSION = 1.0;
				PRODUCT_BUNDLE_IDENTIFIER = "medicalSOPs.com.Medical-Standard-Operating-ProceduresTests";
				PRODUCT_NAME = "$(TARGET_NAME)";
				SDKROOT = auto;
				SUPPORTED_PLATFORMS = "iphoneos iphonesimulator macosx xros xrsimulator";
				SWIFT_EMIT_LOC_STRINGS = NO;
				SWIFT_VERSION = 5.0;
				TARGETED_DEVICE_FAMILY = "1,2,7";
				TEST_HOST = "$(BUILT_PRODUCTS_DIR)/Medical Standard Operating Procedures.app/$(BUNDLE_EXECUTABLE_FOLDER_PATH)/Medical Standard Operating Procedures";
				XROS_DEPLOYMENT_TARGET = 2.1;
			};
			name = Debug;
		};
		BDEA119C2D0262300016B0F7 /* Release */ = {
			isa = XCBuildConfiguration;
			buildSettings = {
				BUNDLE_LOADER = "$(TEST_HOST)";
				CODE_SIGN_STYLE = Automatic;
				CURRENT_PROJECT_VERSION = 1;
				DEVELOPMENT_TEAM = 9X82U8BHFK;
				GENERATE_INFOPLIST_FILE = YES;
				IPHONEOS_DEPLOYMENT_TARGET = 18.1;
				MACOSX_DEPLOYMENT_TARGET = 15.1;
				MARKETING_VERSION = 1.0;
				PRODUCT_BUNDLE_IDENTIFIER = "medicalSOPs.com.Medical-Standard-Operating-ProceduresTests";
				PRODUCT_NAME = "$(TARGET_NAME)";
				SDKROOT = auto;
				SUPPORTED_PLATFORMS = "iphoneos iphonesimulator macosx xros xrsimulator";
				SWIFT_EMIT_LOC_STRINGS = NO;
				SWIFT_VERSION = 5.0;
				TARGETED_DEVICE_FAMILY = "1,2,7";
				TEST_HOST = "$(BUILT_PRODUCTS_DIR)/Medical Standard Operating Procedures.app/$(BUNDLE_EXECUTABLE_FOLDER_PATH)/Medical Standard Operating Procedures";
				XROS_DEPLOYMENT_TARGET = 2.1;
			};
			name = Release;
		};
		BDEA119E2D0262300016B0F7 /* Debug */ = {
			isa = XCBuildConfiguration;
			buildSettings = {
				CODE_SIGN_STYLE = Automatic;
				CURRENT_PROJECT_VERSION = 1;
				DEVELOPMENT_TEAM = 9X82U8BHFK;
				GENERATE_INFOPLIST_FILE = YES;
				IPHONEOS_DEPLOYMENT_TARGET = 18.1;
				MACOSX_DEPLOYMENT_TARGET = 15.1;
				MARKETING_VERSION = 1.0;
				PRODUCT_BUNDLE_IDENTIFIER = "medicalSOPs.com.Medical-Standard-Operating-ProceduresUITests";
				PRODUCT_NAME = "$(TARGET_NAME)";
				SDKROOT = auto;
				SUPPORTED_PLATFORMS = "iphoneos iphonesimulator macosx xros xrsimulator";
				SWIFT_EMIT_LOC_STRINGS = NO;
				SWIFT_VERSION = 5.0;
				TARGETED_DEVICE_FAMILY = "1,2,7";
				TEST_TARGET_NAME = "Medical Standard Operating Procedures";
				XROS_DEPLOYMENT_TARGET = 2.1;
			};
			name = Debug;
		};
		BDEA119F2D0262300016B0F7 /* Release */ = {
			isa = XCBuildConfiguration;
			buildSettings = {
				CODE_SIGN_STYLE = Automatic;
				CURRENT_PROJECT_VERSION = 1;
				DEVELOPMENT_TEAM = 9X82U8BHFK;
				GENERATE_INFOPLIST_FILE = YES;
				IPHONEOS_DEPLOYMENT_TARGET = 18.1;
				MACOSX_DEPLOYMENT_TARGET = 15.1;
				MARKETING_VERSION = 1.0;
				PRODUCT_BUNDLE_IDENTIFIER = "medicalSOPs.com.Medical-Standard-Operating-ProceduresUITests";
				PRODUCT_NAME = "$(TARGET_NAME)";
				SDKROOT = auto;
				SUPPORTED_PLATFORMS = "iphoneos iphonesimulator macosx xros xrsimulator";
				SWIFT_EMIT_LOC_STRINGS = NO;
				SWIFT_VERSION = 5.0;
				TARGETED_DEVICE_FAMILY = "1,2,7";
				TEST_TARGET_NAME = "Medical Standard Operating Procedures";
				XROS_DEPLOYMENT_TARGET = 2.1;
			};
			name = Release;
		};
/* End XCBuildConfiguration section */

/* Begin XCConfigurationList section */
		BDEA116D2D02622F0016B0F7 /* Build configuration list for PBXProject "Medical Standard Operating Procedures" */ = {
			isa = XCConfigurationList;
			buildConfigurations = (
				BDEA11952D0262300016B0F7 /* Debug */,
				BDEA11962D0262300016B0F7 /* Release */,
			);
			defaultConfigurationIsVisible = 0;
			defaultConfigurationName = Release;
		};
		BDEA11972D0262300016B0F7 /* Build configuration list for PBXNativeTarget "Medical Standard Operating Procedures" */ = {
			isa = XCConfigurationList;
			buildConfigurations = (
				BDEA11982D0262300016B0F7 /* Debug */,
				BDEA11992D0262300016B0F7 /* Release */,
			);
			defaultConfigurationIsVisible = 0;
			defaultConfigurationName = Release;
		};
		BDEA119A2D0262300016B0F7 /* Build configuration list for PBXNativeTarget "Medical Standard Operating ProceduresTests" */ = {
			isa = XCConfigurationList;
			buildConfigurations = (
				BDEA119B2D0262300016B0F7 /* Debug */,
				BDEA119C2D0262300016B0F7 /* Release */,
			);
			defaultConfigurationIsVisible = 0;
			defaultConfigurationName = Release;
		};
		BDEA119D2D0262300016B0F7 /* Build configuration list for PBXNativeTarget "Medical Standard Operating ProceduresUITests" */ = {
			isa = XCConfigurationList;
			buildConfigurations = (
				BDEA119E2D0262300016B0F7 /* Debug */,
				BDEA119F2D0262300016B0F7 /* Release */,
			);
			defaultConfigurationIsVisible = 0;
			defaultConfigurationName = Release;
		};
/* End XCConfigurationList section */
	};
	rootObject = BDEA116A2D02622F0016B0F7 /* Project object */;
}
